
Microsoft Visual Studio Solution File, Format Version 12.00
# Visual Studio Version 16
VisualStudioVersion = 16.0.31702.278
MinimumVisualStudioVersion = 10.0.40219.1
Project("{FAE04EC0-301F-11D3-BF4B-00C04F79EFBC}") = "TierApp", "TierApp\TierApp.csproj", "{84494DB4-4EAF-404F-9964-2C613BF70A4D}"
EndProject
Project("{FAE04EC0-301F-11D3-BF4B-00C04F79EFBC}") = "DAL", "DAL\DAL.csproj", "{6EE03A70-7A9D-4994-A743-832E9D5B14D8}"
EndProject
Project("{FAE04EC0-301F-11D3-BF4B-00C04F79EFBC}") = "BLL", "BLL\BLL.csproj", "{E23D5ECE-DF47-458F-AAFE-E4A32ECE7DD6}"
EndProject
Project("{FAE04EC0-301F-11D3-BF4B-00C04F79EFBC}") = "ConsoleApp", "ConsoleApp\ConsoleApp.csproj", "{620B188E-9800-49DD-94C5-D44F51BB574B}"
EndProject
Project("{FAE04EC0-301F-11D3-BF4B-00C04F79EFBC}") = "MVCApp", "MVCApp\MVCApp.csproj", "{87D46E83-D864-4B91-AD91-9B71FFEE2455}"
EndProject
Project("{FAE04EC0-301F-11D3-BF4B-00C04F79EFBC}") = "BEL", "BEL\BEL.csproj", "{D5B62D0E-EAF4-4218-B2E5-01A3CE5B0820}"
EndProject
Global
	GlobalSection(SolutionConfigurationPlatforms) = preSolution
		Debug|Any CPU = Debug|Any CPU
		Release|Any CPU = Release|Any CPU
	EndGlobalSection
	GlobalSection(ProjectConfigurationPlatforms) = postSolution
		{84494DB4-4EAF-404F-9964-2C613BF70A4D}.Debug|Any CPU.ActiveCfg = Debug|Any CPU
		{84494DB4-4EAF-404F-9964-2C613BF70A4D}.Debug|Any CPU.Build.0 = Debug|Any CPU
		{84494DB4-4EAF-404F-9964-2C613BF70A4D}.Release|Any CPU.ActiveCfg = Release|Any CPU
		{84494DB4-4EAF-404F-9964-2C613BF70A4D}.Release|Any CPU.Build.0 = Release|Any CPU
		{6EE03A70-7A9D-4994-A743-832E9D5B14D8}.Debug|Any CPU.ActiveCfg = Debug|Any CPU
		{6EE03A70-7A9D-4994-A743-832E9D5B14D8}.Debug|Any CPU.Build.0 = Debug|Any CPU
		{6EE03A70-7A9D-4994-A743-832E9D5B14D8}.Release|Any CPU.ActiveCfg = Release|Any CPU
		{6EE03A70-7A9D-4994-A743-832E9D5B14D8}.Release|Any CPU.Build.0 = Release|Any CPU
		{E23D5ECE-DF47-458F-AAFE-E4A32ECE7DD6}.Debug|Any CPU.ActiveCfg = Debug|Any CPU
		{E23D5ECE-DF47-458F-AAFE-E4A32ECE7DD6}.Debug|Any CPU.Build.0 = Debug|Any CPU
		{E23D5ECE-DF47-458F-AAFE-E4A32ECE7DD6}.Release|Any CPU.ActiveCfg = Release|Any CPU
		{E23D5ECE-DF47-458F-AAFE-E4A32ECE7DD6}.Release|Any CPU.Build.0 = Release|Any CPU
		{620B188E-9800-49DD-94C5-D44F51BB574B}.Debug|Any CPU.ActiveCfg = Debug|Any CPU
		{620B188E-9800-49DD-94C5-D44F51BB574B}.Debug|Any CPU.Build.0 = Debug|Any CPU
		{620B188E-9800-49DD-94C5-D44F51BB574B}.Release|Any CPU.ActiveCfg = Release|Any CPU
		{620B188E-9800-49DD-94C5-D44F51BB574B}.Release|Any CPU.Build.0 = Release|Any CPU
		{87D46E83-D864-4B91-AD91-9B71FFEE2455}.Debug|Any CPU.ActiveCfg = Debug|Any CPU
		{87D46E83-D864-4B91-AD91-9B71FFEE2455}.Debug|Any CPU.Build.0 = Debug|Any CPU
		{87D46E83-D864-4B91-AD91-9B71FFEE2455}.Release|Any CPU.ActiveCfg = Release|Any CPU
		{87D46E83-D864-4B91-AD91-9B71FFEE2455}.Release|Any CPU.Build.0 = Release|Any CPU
		{D5B62D0E-EAF4-4218-B2E5-01A3CE5B0820}.Debug|Any CPU.ActiveCfg = Debug|Any CPU
		{D5B62D0E-EAF4-4218-B2E5-01A3CE5B0820}.Debug|Any CPU.Build.0 = Debug|Any CPU
		{D5B62D0E-EAF4-4218-B2E5-01A3CE5B0820}.Release|Any CPU.ActiveCfg = Release|Any CPU
		{D5B62D0E-EAF4-4218-B2E5-01A3CE5B0820}.Release|Any CPU.Build.0 = Release|Any CPU
	EndGlobalSection
	GlobalSection(SolutionProperties) = preSolution
		HideSolutionNode = FALSE
	EndGlobalSection
	GlobalSection(ExtensibilityGlobals) = postSolution
		SolutionGuid = {781637D7-FE00-4B90-A7B2-1D0F56313560}
	EndGlobalSection
EndGlobal
